
Microsoft Visual Studio Solution File, Format Version 12.00
# Visual Studio Version 17
VisualStudioVersion = 17.10.35027.167
MinimumVisualStudioVersion = 10.0.40219.1
Project("{9A19103F-16F7-4668-BE54-9A1E7A4F7556}") = "BulkyWeb", "BulkyWeb\BulkyWeb.csproj", "{D86C8850-73F2-43D6-852F-A9408A41F9A2}"
EndProject
Project("{FAE04EC0-301F-11D3-BF4B-00C04F79EFBC}") = "Bulky.DataAccess", "Bulky.DataAccess\Bulky.DataAccess.csproj", "{BF4867E4-709A-4071-8494-75B7A7218FF0}"
EndProject
Project("{FAE04EC0-301F-11D3-BF4B-00C04F79EFBC}") = "Bulky.Models", "Bulky.Models\Bulky.Models.csproj", "{094701C5-6DC4-45A7-AB19-0677BF0656D5}"
EndProject
Project("{FAE04EC0-301F-11D3-BF4B-00C04F79EFBC}") = "Bulky.Utility", "Bulky.Utility\Bulky.Utility.csproj", "{2ACD0B5E-8E7E-4ED6-8B0D-9B48CBB736BA}"
EndProject
Global
	GlobalSection(SolutionConfigurationPlatforms) = preSolution
		Debug|Any CPU = Debug|Any CPU
		Release|Any CPU = Release|Any CPU
	EndGlobalSection
	GlobalSection(ProjectConfigurationPlatforms) = postSolution
		{D86C8850-73F2-43D6-852F-A9408A41F9A2}.Debug|Any CPU.ActiveCfg = Debug|Any CPU
		{D86C8850-73F2-43D6-852F-A9408A41F9A2}.Debug|Any CPU.Build.0 = Debug|Any CPU
		{D86C8850-73F2-43D6-852F-A9408A41F9A2}.Release|Any CPU.ActiveCfg = Release|Any CPU
		{D86C8850-73F2-43D6-852F-A9408A41F9A2}.Release|Any CPU.Build.0 = Release|Any CPU
		{BF4867E4-709A-4071-8494-75B7A7218FF0}.Debug|Any CPU.ActiveCfg = Debug|Any CPU
		{BF4867E4-709A-4071-8494-75B7A7218FF0}.Debug|Any CPU.Build.0 = Debug|Any CPU
		{BF4867E4-709A-4071-8494-75B7A7218FF0}.Release|Any CPU.ActiveCfg = Release|Any CPU
		{BF4867E4-709A-4071-8494-75B7A7218FF0}.Release|Any CPU.Build.0 = Release|Any CPU
		{094701C5-6DC4-45A7-AB19-0677BF0656D5}.Debug|Any CPU.ActiveCfg = Debug|Any CPU
		{094701C5-6DC4-45A7-AB19-0677BF0656D5}.Debug|Any CPU.Build.0 = Debug|Any CPU
		{094701C5-6DC4-45A7-AB19-0677BF0656D5}.Release|Any CPU.ActiveCfg = Release|Any CPU
		{094701C5-6DC4-45A7-AB19-0677BF0656D5}.Release|Any CPU.Build.0 = Release|Any CPU
		{2ACD0B5E-8E7E-4ED6-8B0D-9B48CBB736BA}.Debug|Any CPU.ActiveCfg = Debug|Any CPU
		{2ACD0B5E-8E7E-4ED6-8B0D-9B48CBB736BA}.Debug|Any CPU.Build.0 = Debug|Any CPU
		{2ACD0B5E-8E7E-4ED6-8B0D-9B48CBB736BA}.Release|Any CPU.ActiveCfg = Release|Any CPU
		{2ACD0B5E-8E7E-4ED6-8B0D-9B48CBB736BA}.Release|Any CPU.Build.0 = Release|Any CPU
	EndGlobalSection
	GlobalSection(SolutionProperties) = preSolution
		HideSolutionNode = FALSE
	EndGlobalSection
	GlobalSection(ExtensibilityGlobals) = postSolution
		SolutionGuid = {B4FD1B9D-C92B-4E2A-A9F1-BAE3384263BD}
	EndGlobalSection
EndGlobal
